
Microsoft Visual Studio Solution File, Format Version 12.00
# Visual Studio 2012
Project("{FAE04EC0-301F-11D3-BF4B-00C04F79EFBC}") = "FileManager", "FileManager\FileManager.csproj", "{CE098A4E-E26D-4BBF-A060-BECB1EE22F60}"
EndProject
Global
	GlobalSection(SolutionConfigurationPlatforms) = preSolution
		Debug|Any CPU = Debug|Any CPU
		Release|Any CPU = Release|Any CPU
	EndGlobalSection
	GlobalSection(ProjectConfigurationPlatforms) = postSolution
		{CE098A4E-E26D-4BBF-A060-BECB1EE22F60}.Debug|Any CPU.ActiveCfg = Debug|Any CPU
		{CE098A4E-E26D-4BBF-A060-BECB1EE22F60}.Debug|Any CPU.Build.0 = Debug|Any CPU
		{CE098A4E-E26D-4BBF-A060-BECB1EE22F60}.Release|Any CPU.ActiveCfg = Release|Any CPU
		{CE098A4E-E26D-4BBF-A060-BECB1EE22F60}.Release|Any CPU.Build.0 = Release|Any CPU
	EndGlobalSection
	GlobalSection(SolutionProperties) = preSolution
		HideSolutionNode = FALSE
	EndGlobalSection
EndGlobal
